
Microsoft Visual Studio Solution File, Format Version 12.00
# Visual Studio Version 16
VisualStudioVersion = 16.0.31702.278
MinimumVisualStudioVersion = 10.0.40219.1
Project("{9A19103F-16F7-4668-BE54-9A1E7A4F7556}") = "NotesNonPersistent.Module", "NotesNonPersistent.Module\NotesNonPersistent.Module.csproj", "{382C9945-B73E-47B3-B584-6D68DDF6D3FA}"
EndProject
Project("{9A19103F-16F7-4668-BE54-9A1E7A4F7556}") = "NotesNonPersistent.Module.Blazor", "NotesNonPersistent.Module.Blazor\NotesNonPersistent.Module.Blazor.csproj", "{F3BC3918-3C24-45C7-ACFB-812B06AFA7C8}"
EndProject
Project("{9A19103F-16F7-4668-BE54-9A1E7A4F7556}") = "NotesNonPersistent.Blazor.Server", "NotesNonPersistent.Blazor.Server\NotesNonPersistent.Blazor.Server.csproj", "{7FB772FD-DE33-42F6-9711-F3AAE86C74A9}"
EndProject
Global
	GlobalSection(SolutionConfigurationPlatforms) = preSolution
		Debug|Any CPU = Debug|Any CPU
		EasyTest|Any CPU = EasyTest|Any CPU
		Release|Any CPU = Release|Any CPU
	EndGlobalSection
	GlobalSection(ProjectConfigurationPlatforms) = postSolution
		{382C9945-B73E-47B3-B584-6D68DDF6D3FA}.Debug|Any CPU.ActiveCfg = Debug|Any CPU
		{382C9945-B73E-47B3-B584-6D68DDF6D3FA}.Debug|Any CPU.Build.0 = Debug|Any CPU
		{382C9945-B73E-47B3-B584-6D68DDF6D3FA}.EasyTest|Any CPU.ActiveCfg = EasyTest|Any CPU
		{382C9945-B73E-47B3-B584-6D68DDF6D3FA}.EasyTest|Any CPU.Build.0 = EasyTest|Any CPU
		{382C9945-B73E-47B3-B584-6D68DDF6D3FA}.Release|Any CPU.ActiveCfg = Release|Any CPU
		{382C9945-B73E-47B3-B584-6D68DDF6D3FA}.Release|Any CPU.Build.0 = Release|Any CPU
		{F3BC3918-3C24-45C7-ACFB-812B06AFA7C8}.Debug|Any CPU.ActiveCfg = Debug|Any CPU
		{F3BC3918-3C24-45C7-ACFB-812B06AFA7C8}.Debug|Any CPU.Build.0 = Debug|Any CPU
		{F3BC3918-3C24-45C7-ACFB-812B06AFA7C8}.EasyTest|Any CPU.ActiveCfg = EasyTest|Any CPU
		{F3BC3918-3C24-45C7-ACFB-812B06AFA7C8}.EasyTest|Any CPU.Build.0 = EasyTest|Any CPU
		{F3BC3918-3C24-45C7-ACFB-812B06AFA7C8}.Release|Any CPU.ActiveCfg = Release|Any CPU
		{F3BC3918-3C24-45C7-ACFB-812B06AFA7C8}.Release|Any CPU.Build.0 = Release|Any CPU
		{7FB772FD-DE33-42F6-9711-F3AAE86C74A9}.Debug|Any CPU.ActiveCfg = Debug|Any CPU
		{7FB772FD-DE33-42F6-9711-F3AAE86C74A9}.Debug|Any CPU.Build.0 = Debug|Any CPU
		{7FB772FD-DE33-42F6-9711-F3AAE86C74A9}.EasyTest|Any CPU.ActiveCfg = EasyTest|Any CPU
		{7FB772FD-DE33-42F6-9711-F3AAE86C74A9}.EasyTest|Any CPU.Build.0 = EasyTest|Any CPU
		{7FB772FD-DE33-42F6-9711-F3AAE86C74A9}.Release|Any CPU.ActiveCfg = Release|Any CPU
		{7FB772FD-DE33-42F6-9711-F3AAE86C74A9}.Release|Any CPU.Build.0 = Release|Any CPU
	EndGlobalSection
	GlobalSection(SolutionProperties) = preSolution
		HideSolutionNode = FALSE
	EndGlobalSection
	GlobalSection(ExtensibilityGlobals) = postSolution
		SolutionGuid = {AB781127-0B12-4D89-8A2B-2D44DC3E024B}
	EndGlobalSection
EndGlobal
